{
  "name": "kasihub-encore-backend",
  "version": "0.1.0",
  "lockfileVersion": 3,
  "requires": true,
  "packages": {
    "": {
      "name": "kasihub-encore-backend",
      "version": "0.1.0",
      "dependencies": {
        "encore.dev": "1.57.11",
        "zod": "^4.0.2"
      }
    },
    "node_modules/encore.dev": {
      "version": "1.57.11",
      "resolved": "https://registry.npmjs.org/encore.dev/-/encore.dev-1.57.11.tgz",
      "integrity": "sha512-LyOcQS2IYwmyAyfgss5bT8fsCOVvQLwtqXiU7lVji67AkpTk0fqjFGkV1OmaqhOf/GU1t4B4dPM2q95PAQaT0A==",
      "license": "MPL-2.0",
      "engines": {
        "node": ">=18.0.0"
      }
    },
    "node_modules/zod": {
      "version": "4.4.3",
      "resolved": "https://registry.npmjs.org/zod/-/zod-4.4.3.tgz",
      "integrity": "sha512-ytENFjIJFl2UwYglde2jchW2Hwm4GJFLDiSXWdTrJQBIN9Fcyp7n4DhxJEiWNAJMV1/BqWfW/kkg71UDcHJyTQ==",
      "license": "MIT",
      "funding": {
        "url": "https://github.com/sponsors/colinhacks"
      }
    }
  }
}
